
Microsoft Visual Studio Solution File, Format Version 12.00
# Visual Studio Version 17
VisualStudioVersion = 17.8.34330.188
MinimumVisualStudioVersion = 10.0.40219.1
Project("{FAE04EC0-301F-11D3-BF4B-00C04F79EFBC}") = "DataTypesApp", "DataTypesApp\DataTypesApp.csproj", "{3D042E3E-0FEE-4953-AB27-B531CEAD729E}"
EndProject
Global
	GlobalSection(SolutionConfigurationPlatforms) = preSolution
		Debug|Any CPU = Debug|Any CPU
		Release|Any CPU = Release|Any CPU
	EndGlobalSection
	GlobalSection(ProjectConfigurationPlatforms) = postSolution
		{3D042E3E-0FEE-4953-AB27-B531CEAD729E}.Debug|Any CPU.ActiveCfg = Debug|Any CPU
		{3D042E3E-0FEE-4953-AB27-B531CEAD729E}.Debug|Any CPU.Build.0 = Debug|Any CPU
		{3D042E3E-0FEE-4953-AB27-B531CEAD729E}.Release|Any CPU.ActiveCfg = Release|Any CPU
		{3D042E3E-0FEE-4953-AB27-B531CEAD729E}.Release|Any CPU.Build.0 = Release|Any CPU
	EndGlobalSection
	GlobalSection(SolutionProperties) = preSolution
		HideSolutionNode = FALSE
	EndGlobalSection
	GlobalSection(ExtensibilityGlobals) = postSolution
		SolutionGuid = {38C4AE3C-2E0C-42AF-9BBB-B8F665D8C426}
	EndGlobalSection
EndGlobal
